<?xml version="1.0" encoding="utf-8"?>
<Project ToolsVersion="4.0" xmlns="http://schemas.microsoft.com/developer/msbuild/2003">
  <ItemGroup>
    <Filter Include="Source Files">
      <UniqueIdentifier>{4FC737F1-C7A5-4376-A066-2A32D752A2FF}</UniqueIdentifier>
      <Extensions>cpp;c;cc;cxx;def;odl;idl;hpj;bat;asm;asmx</Extensions>
    </Filter>
    <Filter Include="Header Files">
      <UniqueIdentifier>{93995380-89BD-4b04-88EB-625FBE52EBFB}</UniqueIdentifier>
      <Extensions>h;hpp;hxx;hm;inl;inc;xsd</Extensions>
    </Filter>
    <Filter Include="Resource Files">
      <UniqueIdentifier>{67DA6AB6-F800-4c08-8B7A-83BB121AAD01}</UniqueIdentifier>
      <Extensions>rc;ico;cur;bmp;dlg;rc2;rct;bin;rgs;gif;jpg;jpeg;jpe;resx;tiff;tif;png;wav;mfcribbon-ms</Extensions>
    </Filter>
  </ItemGroup>
  <ItemGroup>
    <ClInclude Include="..\Source\AudioRenderable.hpp">
      <Filter>Header Files</Filter>
    </ClInclude>
    <ClInclude Include="..\Source\Bats.hpp">
      <Filter>Header Files</Filter>
    </ClInclude>
    <ClInclude Include="..\Source\GameTimer.h">
      <Filter>Header Files</Filter>
    </ClInclude>
    <ClInclude Include="..\Source\IGameCore.hpp">
      <Filter>Header Files</Filter>
    </ClInclude>
    <ClInclude Include="..\Source\IPCMWave.hpp">
      <Filter>Header Files</Filter>
    </ClInclude>
    <ClInclude Include="..\Source\ISound.hpp">
      <Filter>Header Files</Filter>
    </ClInclude>
    <ClInclude Include="..\Source\IXACore.hpp">
      <Filter>Header Files</Filter>
    </ClInclude>
    <ClInclude Include="..\Source\PCMWave.hpp">
      <Filter>Header Files</Filter>
    </ClInclude>
    <ClInclude Include="..\Source\Rats.hpp">
      <Filter>Header Files</Filter>
    </ClInclude>
    <ClInclude Include="..\Source\Rocks.hpp">
      <Filter>Header Files</Filter>
    </ClInclude>
    <ClInclude Include="..\Source\Soundscape1Base.hpp">
      <Filter>Header Files</Filter>
    </ClInclude>
    <ClInclude Include="..\Source\WaveFileManager.hpp">
      <Filter>Header Files</Filter>
    </ClInclude>
    <ClInclude Include="..\Source\WaveFmt.hpp">
      <Filter>Header Files</Filter>
    </ClInclude>
    <ClInclude Include="..\Source\WinCore.hpp">
      <Filter>Header Files</Filter>
    </ClInclude>
    <ClInclude Include="..\Source\XACore.hpp">
      <Filter>Header Files</Filter>
    </ClInclude>
    <ClInclude Include="..\Source\XASound.hpp">
      <Filter>Header Files</Filter>
    </ClInclude>
  </ItemGroup>
  <ItemGroup>
    <ClCompile Include="..\Source\Bats.cpp">
      <Filter>Source Files</Filter>
    </ClCompile>
    <ClCompile Include="..\Source\GameTimer.cpp">
      <Filter>Source Files</Filter>
    </ClCompile>
    <ClCompile Include="..\Source\Main_Soundscape1.cpp">
      <Filter>Source Files</Filter>
    </ClCompile>
    <ClCompile Include="..\Source\PCMWave.cpp">
      <Filter>Source Files</Filter>
    </ClCompile>
    <ClCompile Include="..\Source\Rats.cpp">
      <Filter>Source Files</Filter>
    </ClCompile>
    <ClCompile Include="..\Source\Rocks.cpp">
      <Filter>Source Files</Filter>
    </ClCompile>
    <ClCompile Include="..\Source\Soundscape1Base.cpp">
      <Filter>Source Files</Filter>
    </ClCompile>
    <ClCompile Include="..\Source\WaveFileManager.cpp">
      <Filter>Source Files</Filter>
    </ClCompile>
    <ClCompile Include="..\Source\WinCore.cpp">
      <Filter>Source Files</Filter>
    </ClCompile>
    <ClCompile Include="..\Source\XACore.cpp">
      <Filter>Source Files</Filter>
    </ClCompile>
    <ClCompile Include="..\Source\XASound.cpp">
      <Filter>Source Files</Filter>
    </ClCompile>
  </ItemGroup>
  <ItemGroup>
    <None Include="..\Sounds\car.wav">
      <Filter>Resource Files</Filter>
    </None>
    <None Include="..\Sounds\frogs.wav">
      <Filter>Resource Files</Filter>
    </None>
    <None Include="..\Sounds\rain.wav">
      <Filter>Resource Files</Filter>
    </None>
    <None Include="..\Sounds\bird.wav">
      <Filter>Resource Files</Filter>
    </None>
  </ItemGroup>
</Project>